
Microsoft Visual Studio Solution File, Format Version 12.00
# Visual Studio Version 16
VisualStudioVersion = 16.0.29926.136
MinimumVisualStudioVersion = 10.0.40219.1
Project("{FAE04EC0-301F-11D3-BF4B-00C04F79EFBC}") = "GreekHelper", "GreekHelper\GreekHelper.csproj", "{0AA0C051-A4AB-479C-88D1-CE04851ABCDD}"
EndProject
Global
	GlobalSection(SolutionConfigurationPlatforms) = preSolution
		Debug|Any CPU = Debug|Any CPU
		Release|Any CPU = Release|Any CPU
	EndGlobalSection
	GlobalSection(ProjectConfigurationPlatforms) = postSolution
		{0AA0C051-A4AB-479C-88D1-CE04851ABCDD}.Debug|Any CPU.ActiveCfg = Debug|Any CPU
		{0AA0C051-A4AB-479C-88D1-CE04851ABCDD}.Debug|Any CPU.Build.0 = Debug|Any CPU
		{0AA0C051-A4AB-479C-88D1-CE04851ABCDD}.Release|Any CPU.ActiveCfg = Release|Any CPU
		{0AA0C051-A4AB-479C-88D1-CE04851ABCDD}.Release|Any CPU.Build.0 = Release|Any CPU
	EndGlobalSection
	GlobalSection(SolutionProperties) = preSolution
		HideSolutionNode = FALSE
	EndGlobalSection
	GlobalSection(ExtensibilityGlobals) = postSolution
		SolutionGuid = {ADEAF613-0809-4508-BD0A-805E2C7B7FEA}
	EndGlobalSection
EndGlobal
